
Microsoft Visual Studio Solution File, Format Version 12.00
# Visual Studio Version 17
VisualStudioVersion = 17.0.32112.339
MinimumVisualStudioVersion = 10.0.40219.1
Project("{9A19103F-16F7-4668-BE54-9A1E7A4F7556}") = "WorkloadsApi", "WorkloadsApi\WorkloadsApi.csproj", "{4520B340-8D80-4E8E-9270-F8165073E4E0}"
EndProject
Project("{9A19103F-16F7-4668-BE54-9A1E7A4F7556}") = "WorkloadsProjector", "WorkloadsProjector\WorkloadsProjector.csproj", "{BF6396A0-75D7-47F2-BDD4-28E0FD71C196}"
EndProject
Project("{9A19103F-16F7-4668-BE54-9A1E7A4F7556}") = "NATS.Extensions.DependencyInjection", "NATS.Extensions.DependencyInjection\NATS.Extensions.DependencyInjection.csproj", "{B348380D-A697-4123-B141-20B11C466F3E}"
EndProject
Project("{2150E333-8FDC-42A3-9474-1A3956D46DE8}") = "7. Various docs", "7. Various docs", "{72BF22B4-6E32-4CC6-812A-C123E9406C20}"
	ProjectSection(SolutionItems) = preProject
		Links.md = Links.md
		Nats.md = Nats.md
		Readme.md = Readme.md
	EndProjectSection
EndProject
Project("{2150E333-8FDC-42A3-9474-1A3956D46DE8}") = "4. Kubernetes", "4. Kubernetes", "{159C70B8-FA38-4D5A-A966-04D7AA45DA2E}"
	ProjectSection(SolutionItems) = preProject
		AddKubernetesToDocker.ps1 = AddKubernetesToDocker.ps1
		AddNatsToKubernetes.ps1 = AddNatsToKubernetes.ps1
		build.ps1 = build.ps1
		buildnats.ps1 = buildnats.ps1
		deploy.ps1 = deploy.ps1
		RegClean.ps1 = RegClean.ps1
	EndProjectSection
EndProject
Project("{2150E333-8FDC-42A3-9474-1A3956D46DE8}") = "3. Docker", "3. Docker", "{C2EDF5C0-618A-4589-9464-E33170F71CA3}"
	ProjectSection(SolutionItems) = preProject
		AddNatsToDocker.ps1 = AddNatsToDocker.ps1
		AddToApiForDocker.md = AddToApiForDocker.md
		AddToDockerCompose.md = AddToDockerCompose.md
		AddToProjectorForDocker.md = AddToProjectorForDocker.md
	EndProjectSection
EndProject
Project("{2150E333-8FDC-42A3-9474-1A3956D46DE8}") = "2. Base", "2. Base", "{8029553E-4C8D-4199-9B85-A26C16CB21DC}"
EndProject
Project("{2150E333-8FDC-42A3-9474-1A3956D46DE8}") = "deploy", "deploy", "{58195862-762D-493A-961D-1291BE9DD2A9}"
EndProject
Project("{2150E333-8FDC-42A3-9474-1A3956D46DE8}") = "nats", "nats", "{47EA1589-D8BD-4894-8131-4E9D27029E70}"
	ProjectSection(SolutionItems) = preProject
		deploy\nats\configmap.yaml = deploy\nats\configmap.yaml
		deploy\nats\ingress.yaml = deploy\nats\ingress.yaml
		deploy\nats\kustomization.yaml = deploy\nats\kustomization.yaml
		deploy\nats\namespace.yaml = deploy\nats\namespace.yaml
		deploy\nats\nats.conf = deploy\nats\nats.conf
		deploy\nats\service.yaml = deploy\nats\service.yaml
		deploy\nats\statefulset.yaml = deploy\nats\statefulset.yaml
	EndProjectSection
EndProject
Project("{2150E333-8FDC-42A3-9474-1A3956D46DE8}") = "1. Initial", "1. Initial", "{1A541D86-B533-438C-AFD3-7407123D3E7B}"
	ProjectSection(SolutionItems) = preProject
		ContainerTools.ps1 = ContainerTools.ps1
		profile.ps1 = profile.ps1
	EndProjectSection
EndProject
Project("{2150E333-8FDC-42A3-9474-1A3956D46DE8}") = "5. Prometheus, Grafana", "5. Prometheus, Grafana", "{B6CD6348-74D7-47B3-BE3A-E251238F1DB5}"
	ProjectSection(SolutionItems) = preProject
		AddMonitoring.ps1 = AddMonitoring.ps1
	EndProjectSection
EndProject
Project("{2150E333-8FDC-42A3-9474-1A3956D46DE8}") = "grafana", "grafana", "{50784FDE-A68B-4370-8E0A-6570451CDD43}"
	ProjectSection(SolutionItems) = preProject
		deploy\grafana\configmap.yaml = deploy\grafana\configmap.yaml
		deploy\grafana\deployment.yaml = deploy\grafana\deployment.yaml
		deploy\grafana\ingress.yaml = deploy\grafana\ingress.yaml
		deploy\grafana\kustomization.yaml = deploy\grafana\kustomization.yaml
		deploy\grafana\namespace.yaml = deploy\grafana\namespace.yaml
		deploy\grafana\service.yaml = deploy\grafana\service.yaml
	EndProjectSection
EndProject
Project("{2150E333-8FDC-42A3-9474-1A3956D46DE8}") = "prometheus", "prometheus", "{4F223D75-E9ED-45AD-AECB-C55195AAC448}"
	ProjectSection(SolutionItems) = preProject
		deploy\prometheus\clusterrole.yaml = deploy\prometheus\clusterrole.yaml
		deploy\prometheus\configmap.yaml = deploy\prometheus\configmap.yaml
		deploy\prometheus\deployment.yaml = deploy\prometheus\deployment.yaml
		deploy\prometheus\ingress.yaml = deploy\prometheus\ingress.yaml
		deploy\prometheus\kustomization.yaml = deploy\prometheus\kustomization.yaml
		deploy\prometheus\namespace.yaml = deploy\prometheus\namespace.yaml
		deploy\prometheus\service.yaml = deploy\prometheus\service.yaml
	EndProjectSection
EndProject
Project("{2150E333-8FDC-42A3-9474-1A3956D46DE8}") = "deploy", "deploy", "{E3F3872D-C89B-4305-91A3-6ABAF09482E1}"
EndProject
Project("{2150E333-8FDC-42A3-9474-1A3956D46DE8}") = "workloadsapi", "workloadsapi", "{D428CE4C-2DA8-47F2-BEB7-9D77E865B70D}"
	ProjectSection(SolutionItems) = preProject
		deploy\workloadsapi\deployment.yaml = deploy\workloadsapi\deployment.yaml
		deploy\workloadsapi\ingress.yaml = deploy\workloadsapi\ingress.yaml
		deploy\workloadsapi\kustomization.yaml = deploy\workloadsapi\kustomization.yaml
		deploy\workloadsapi\namespace.yaml = deploy\workloadsapi\namespace.yaml
		deploy\workloadsapi\service.yaml = deploy\workloadsapi\service.yaml
	EndProjectSection
EndProject
Project("{2150E333-8FDC-42A3-9474-1A3956D46DE8}") = "workloadsprojector", "workloadsprojector", "{8800C8D5-061E-4913-B611-6F6B13DCDCEB}"
	ProjectSection(SolutionItems) = preProject
		deploy\workloadsprojector\deployment.yaml = deploy\workloadsprojector\deployment.yaml
		deploy\workloadsprojector\ingress.yaml = deploy\workloadsprojector\ingress.yaml
		deploy\workloadsprojector\kustomization.yaml = deploy\workloadsprojector\kustomization.yaml
		deploy\workloadsprojector\namespace.yaml = deploy\workloadsprojector\namespace.yaml
		deploy\workloadsprojector\service.yaml = deploy\workloadsprojector\service.yaml
	EndProjectSection
EndProject
Project("{2150E333-8FDC-42A3-9474-1A3956D46DE8}") = "apps", "apps", "{439013F7-D8FF-4306-93F1-EC5A22A4FC77}"
	ProjectSection(SolutionItems) = preProject
		deploy\apps\kustomization.yaml = deploy\apps\kustomization.yaml
	EndProjectSection
EndProject
Project("{2150E333-8FDC-42A3-9474-1A3956D46DE8}") = "all", "all", "{F151B47E-DE94-477E-AD65-CFD8C07AD2B4}"
	ProjectSection(SolutionItems) = preProject
		deploy\all\kustomization.yaml = deploy\all\kustomization.yaml
	EndProjectSection
EndProject
Project("{2150E333-8FDC-42A3-9474-1A3956D46DE8}") = "common", "common", "{F9EA427E-CE7B-4AEF-83B1-CB306C807BDD}"
	ProjectSection(SolutionItems) = preProject
		deploy\common\configmap.yaml = deploy\common\configmap.yaml
		deploy\common\kustomization.yaml = deploy\common\kustomization.yaml
	EndProjectSection
EndProject
Project("{E53339B2-1760-4266-BCC7-CA923CBCF16C}") = "docker-compose", "docker-compose.dcproj", "{0A33DEC3-A505-414B-9997-19EB98E35C4F}"
EndProject
Project("{9A19103F-16F7-4668-BE54-9A1E7A4F7556}") = "Workloads.Model", "Workloads.Model\Workloads.Model.csproj", "{69B40799-27A3-46B7-B937-AB9BC77B9183}"
EndProject
Project("{2150E333-8FDC-42A3-9474-1A3956D46DE8}") = "6. Azure Kubernetes Service", "6. Azure Kubernetes Service", "{C3E7DA18-60A2-4081-834F-F2774A12A34A}"
EndProject
Project("{9A19103F-16F7-4668-BE54-9A1E7A4F7556}") = "Workloads.Contract", "Workloads.Contract\Workloads.Contract.csproj", "{F173BD85-5C2D-451A-AA6E-EBDFF8CDB545}"
EndProject
Project("{9A19103F-16F7-4668-BE54-9A1E7A4F7556}") = "WorkloadsApi.Mediators", "WorkloadsApi.Mediators\WorkloadsApi.Mediators.csproj", "{A4DEA09C-C01C-4095-999A-0F216D26F9EE}"
EndProject
Project("{9A19103F-16F7-4668-BE54-9A1E7A4F7556}") = "WorkloadsProjector.Mediators", "WorkloadsProjector.Mediators\WorkloadsProjector.Mediators.csproj", "{161116A8-25AB-4E40-984D-85732A0C049B}"
EndProject
Project("{9A19103F-16F7-4668-BE54-9A1E7A4F7556}") = "Workloads.Db", "Workloads.Db\Workloads.Db.csproj", "{912EEF6C-33D5-489A-B161-69D51450ADB9}"
EndProject
Project("{2150E333-8FDC-42A3-9474-1A3956D46DE8}") = "mysql", "mysql", "{C0A8FB02-EB7C-4546-986B-585A204EEFE3}"
	ProjectSection(SolutionItems) = preProject
		deploy\mysql\deployment.yaml = deploy\mysql\deployment.yaml
		deploy\mysql\ingress.yaml = deploy\mysql\ingress.yaml
		deploy\mysql\kustomization.yaml = deploy\mysql\kustomization.yaml
		deploy\mysql\namespace.yaml = deploy\mysql\namespace.yaml
		deploy\mysql\persistentvolume.yaml = deploy\mysql\persistentvolume.yaml
		deploy\mysql\service.yaml = deploy\mysql\service.yaml
	EndProjectSection
EndProject
Global
	GlobalSection(SolutionConfigurationPlatforms) = preSolution
		Debug|Any CPU = Debug|Any CPU
		Release|Any CPU = Release|Any CPU
	EndGlobalSection
	GlobalSection(ProjectConfigurationPlatforms) = postSolution
		{4520B340-8D80-4E8E-9270-F8165073E4E0}.Debug|Any CPU.ActiveCfg = Debug|Any CPU
		{4520B340-8D80-4E8E-9270-F8165073E4E0}.Debug|Any CPU.Build.0 = Debug|Any CPU
		{4520B340-8D80-4E8E-9270-F8165073E4E0}.Release|Any CPU.ActiveCfg = Release|Any CPU
		{4520B340-8D80-4E8E-9270-F8165073E4E0}.Release|Any CPU.Build.0 = Release|Any CPU
		{BF6396A0-75D7-47F2-BDD4-28E0FD71C196}.Debug|Any CPU.ActiveCfg = Debug|Any CPU
		{BF6396A0-75D7-47F2-BDD4-28E0FD71C196}.Debug|Any CPU.Build.0 = Debug|Any CPU
		{BF6396A0-75D7-47F2-BDD4-28E0FD71C196}.Release|Any CPU.ActiveCfg = Release|Any CPU
		{BF6396A0-75D7-47F2-BDD4-28E0FD71C196}.Release|Any CPU.Build.0 = Release|Any CPU
		{B348380D-A697-4123-B141-20B11C466F3E}.Debug|Any CPU.ActiveCfg = Debug|Any CPU
		{B348380D-A697-4123-B141-20B11C466F3E}.Debug|Any CPU.Build.0 = Debug|Any CPU
		{B348380D-A697-4123-B141-20B11C466F3E}.Release|Any CPU.ActiveCfg = Release|Any CPU
		{B348380D-A697-4123-B141-20B11C466F3E}.Release|Any CPU.Build.0 = Release|Any CPU
		{0A33DEC3-A505-414B-9997-19EB98E35C4F}.Debug|Any CPU.ActiveCfg = Debug|Any CPU
		{0A33DEC3-A505-414B-9997-19EB98E35C4F}.Debug|Any CPU.Build.0 = Debug|Any CPU
		{0A33DEC3-A505-414B-9997-19EB98E35C4F}.Release|Any CPU.ActiveCfg = Release|Any CPU
		{0A33DEC3-A505-414B-9997-19EB98E35C4F}.Release|Any CPU.Build.0 = Release|Any CPU
		{69B40799-27A3-46B7-B937-AB9BC77B9183}.Debug|Any CPU.ActiveCfg = Debug|Any CPU
		{69B40799-27A3-46B7-B937-AB9BC77B9183}.Debug|Any CPU.Build.0 = Debug|Any CPU
		{69B40799-27A3-46B7-B937-AB9BC77B9183}.Release|Any CPU.ActiveCfg = Release|Any CPU
		{69B40799-27A3-46B7-B937-AB9BC77B9183}.Release|Any CPU.Build.0 = Release|Any CPU
		{F173BD85-5C2D-451A-AA6E-EBDFF8CDB545}.Debug|Any CPU.ActiveCfg = Debug|Any CPU
		{F173BD85-5C2D-451A-AA6E-EBDFF8CDB545}.Debug|Any CPU.Build.0 = Debug|Any CPU
		{F173BD85-5C2D-451A-AA6E-EBDFF8CDB545}.Release|Any CPU.ActiveCfg = Release|Any CPU
		{F173BD85-5C2D-451A-AA6E-EBDFF8CDB545}.Release|Any CPU.Build.0 = Release|Any CPU
		{A4DEA09C-C01C-4095-999A-0F216D26F9EE}.Debug|Any CPU.ActiveCfg = Debug|Any CPU
		{A4DEA09C-C01C-4095-999A-0F216D26F9EE}.Debug|Any CPU.Build.0 = Debug|Any CPU
		{A4DEA09C-C01C-4095-999A-0F216D26F9EE}.Release|Any CPU.ActiveCfg = Release|Any CPU
		{A4DEA09C-C01C-4095-999A-0F216D26F9EE}.Release|Any CPU.Build.0 = Release|Any CPU
		{161116A8-25AB-4E40-984D-85732A0C049B}.Debug|Any CPU.ActiveCfg = Debug|Any CPU
		{161116A8-25AB-4E40-984D-85732A0C049B}.Debug|Any CPU.Build.0 = Debug|Any CPU
		{161116A8-25AB-4E40-984D-85732A0C049B}.Release|Any CPU.ActiveCfg = Release|Any CPU
		{161116A8-25AB-4E40-984D-85732A0C049B}.Release|Any CPU.Build.0 = Release|Any CPU
		{912EEF6C-33D5-489A-B161-69D51450ADB9}.Debug|Any CPU.ActiveCfg = Debug|Any CPU
		{912EEF6C-33D5-489A-B161-69D51450ADB9}.Debug|Any CPU.Build.0 = Debug|Any CPU
		{912EEF6C-33D5-489A-B161-69D51450ADB9}.Release|Any CPU.ActiveCfg = Release|Any CPU
		{912EEF6C-33D5-489A-B161-69D51450ADB9}.Release|Any CPU.Build.0 = Release|Any CPU
	EndGlobalSection
	GlobalSection(SolutionProperties) = preSolution
		HideSolutionNode = FALSE
	EndGlobalSection
	GlobalSection(NestedProjects) = preSolution
		{4520B340-8D80-4E8E-9270-F8165073E4E0} = {8029553E-4C8D-4199-9B85-A26C16CB21DC}
		{BF6396A0-75D7-47F2-BDD4-28E0FD71C196} = {8029553E-4C8D-4199-9B85-A26C16CB21DC}
		{B348380D-A697-4123-B141-20B11C466F3E} = {C2EDF5C0-618A-4589-9464-E33170F71CA3}
		{58195862-762D-493A-961D-1291BE9DD2A9} = {159C70B8-FA38-4D5A-A966-04D7AA45DA2E}
		{47EA1589-D8BD-4894-8131-4E9D27029E70} = {58195862-762D-493A-961D-1291BE9DD2A9}
		{50784FDE-A68B-4370-8E0A-6570451CDD43} = {E3F3872D-C89B-4305-91A3-6ABAF09482E1}
		{4F223D75-E9ED-45AD-AECB-C55195AAC448} = {E3F3872D-C89B-4305-91A3-6ABAF09482E1}
		{E3F3872D-C89B-4305-91A3-6ABAF09482E1} = {B6CD6348-74D7-47B3-BE3A-E251238F1DB5}
		{D428CE4C-2DA8-47F2-BEB7-9D77E865B70D} = {58195862-762D-493A-961D-1291BE9DD2A9}
		{8800C8D5-061E-4913-B611-6F6B13DCDCEB} = {58195862-762D-493A-961D-1291BE9DD2A9}
		{439013F7-D8FF-4306-93F1-EC5A22A4FC77} = {58195862-762D-493A-961D-1291BE9DD2A9}
		{F151B47E-DE94-477E-AD65-CFD8C07AD2B4} = {E3F3872D-C89B-4305-91A3-6ABAF09482E1}
		{F9EA427E-CE7B-4AEF-83B1-CB306C807BDD} = {58195862-762D-493A-961D-1291BE9DD2A9}
		{0A33DEC3-A505-414B-9997-19EB98E35C4F} = {C2EDF5C0-618A-4589-9464-E33170F71CA3}
		{69B40799-27A3-46B7-B937-AB9BC77B9183} = {8029553E-4C8D-4199-9B85-A26C16CB21DC}
		{F173BD85-5C2D-451A-AA6E-EBDFF8CDB545} = {8029553E-4C8D-4199-9B85-A26C16CB21DC}
		{A4DEA09C-C01C-4095-999A-0F216D26F9EE} = {8029553E-4C8D-4199-9B85-A26C16CB21DC}
		{161116A8-25AB-4E40-984D-85732A0C049B} = {8029553E-4C8D-4199-9B85-A26C16CB21DC}
		{912EEF6C-33D5-489A-B161-69D51450ADB9} = {8029553E-4C8D-4199-9B85-A26C16CB21DC}
		{C0A8FB02-EB7C-4546-986B-585A204EEFE3} = {58195862-762D-493A-961D-1291BE9DD2A9}
	EndGlobalSection
	GlobalSection(ExtensibilityGlobals) = postSolution
		SolutionGuid = {8DF9C8EC-3C43-4580-B91E-CACC52A17F9C}
	EndGlobalSection
EndGlobal
